
Microsoft Visual Studio Solution File, Format Version 11.00
# Visual Studio 2010
Project("{FAE04EC0-301F-11D3-BF4B-00C04F79EFBC}") = "LicenceHeaderTool", "LicenceHeaderTool.csproj", "{8FF1F6B6-D597-4E04-8025-7FA6CF9AE995}"
EndProject
Project("{FAE04EC0-301F-11D3-BF4B-00C04F79EFBC}") = "CSCL", "..\..\..\cscl.googlecode.com\CSCL\CSCL.csproj", "{0E720343-5366-4C3A-BC59-7B7FD2C311B5}"
EndProject
Global
	GlobalSection(SolutionConfigurationPlatforms) = preSolution
		Debug|Any CPU = Debug|Any CPU
		Release|Any CPU = Release|Any CPU
	EndGlobalSection
	GlobalSection(ProjectConfigurationPlatforms) = postSolution
		{8FF1F6B6-D597-4E04-8025-7FA6CF9AE995}.Debug|Any CPU.ActiveCfg = Debug|Any CPU
		{8FF1F6B6-D597-4E04-8025-7FA6CF9AE995}.Debug|Any CPU.Build.0 = Debug|Any CPU
		{8FF1F6B6-D597-4E04-8025-7FA6CF9AE995}.Release|Any CPU.ActiveCfg = Release|Any CPU
		{8FF1F6B6-D597-4E04-8025-7FA6CF9AE995}.Release|Any CPU.Build.0 = Release|Any CPU
		{0E720343-5366-4C3A-BC59-7B7FD2C311B5}.Debug|Any CPU.ActiveCfg = Debug|Any CPU
		{0E720343-5366-4C3A-BC59-7B7FD2C311B5}.Debug|Any CPU.Build.0 = Debug|Any CPU
		{0E720343-5366-4C3A-BC59-7B7FD2C311B5}.Release|Any CPU.ActiveCfg = Release|Any CPU
		{0E720343-5366-4C3A-BC59-7B7FD2C311B5}.Release|Any CPU.Build.0 = Release|Any CPU
	EndGlobalSection
	GlobalSection(SolutionProperties) = preSolution
		HideSolutionNode = FALSE
	EndGlobalSection
EndGlobal
